PODS:
  - Beacon (2.1.2)
  - Flutter (1.0.0)
  - help_scout (0.0.1):
    - Beacon
    - Flutter

DEPENDENCIES:
  - Flutter (from `Flutter`)
  - help_scout (from `.symlinks/plugins/help_scout/ios`)

SPEC REPOS:
  trunk:
    - Beacon

EXTERNAL SOURCES:
  Flutter:
    :path: Flutter
  help_scout:
    :path: ".symlinks/plugins/help_scout/ios"

SPEC CHECKSUMS:
  Beacon: ae5e468220ab804800d8e39ca6c7860ff70f1bd5
  Flutter: 0e3d915762c693b495b44d77113d4970485de6ec
  help_scout: a8ee8c468704e71b6ba512af0676f5ba8111b804

PODFILE CHECKSUM: 34c3471073a7fbe5276eff23dc198c1ac11026b2

COCOAPODS: 1.10.0
